
Microsoft Visual Studio Solution File, Format Version 12.00
# Visual Studio Version 17
VisualStudioVersion = 17.12.35410.144
MinimumVisualStudioVersion = 10.0.40219.1
Project("{FAE04EC0-301F-11D3-BF4B-00C04F79EFBC}") = "Đồ án cuối kì CTDL", "Đồ án cuối kì CTDL\Đồ án cuối kì CTDL.csproj", "{62F31418-4539-4C2D-997A-389FF8078CF7}"
EndProject
Project("{54435603-DBB4-11D2-8724-00A0C9A8B90C}") = "SetupApp", "SetupApp\SetupApp.vdproj", "{402FEFEA-20C8-0A3E-DB3B-2BA6CFE2BD03}"
EndProject
Global
	GlobalSection(SolutionConfigurationPlatforms) = preSolution
		Debug|Any CPU = Debug|Any CPU
		Release|Any CPU = Release|Any CPU
	EndGlobalSection
	GlobalSection(ProjectConfigurationPlatforms) = postSolution
		{62F31418-4539-4C2D-997A-389FF8078CF7}.Debug|Any CPU.ActiveCfg = Debug|Any CPU
		{62F31418-4539-4C2D-997A-389FF8078CF7}.Debug|Any CPU.Build.0 = Debug|Any CPU
		{62F31418-4539-4C2D-997A-389FF8078CF7}.Release|Any CPU.ActiveCfg = Release|Any CPU
		{62F31418-4539-4C2D-997A-389FF8078CF7}.Release|Any CPU.Build.0 = Release|Any CPU
		{402FEFEA-20C8-0A3E-DB3B-2BA6CFE2BD03}.Debug|Any CPU.ActiveCfg = Debug
		{402FEFEA-20C8-0A3E-DB3B-2BA6CFE2BD03}.Release|Any CPU.ActiveCfg = Release
	EndGlobalSection
	GlobalSection(SolutionProperties) = preSolution
		HideSolutionNode = FALSE
	EndGlobalSection
	GlobalSection(ExtensibilityGlobals) = postSolution
		SolutionGuid = {05A7D099-83FA-4FB5-9716-41C9D2928A56}
	EndGlobalSection
EndGlobal
